
Microsoft Visual Studio Solution File, Format Version 12.00
# Visual Studio Version 16
VisualStudioVersion = 16.0.30804.86
MinimumVisualStudioVersion = 10.0.40219.1
Project("{9A19103F-16F7-4668-BE54-9A1E7A4F7556}") = "KampIntro", "KampIntro\KampIntro.csproj", "{17F6864C-DFFB-4E76-A86E-A96AA93729F5}"
EndProject
Project("{9A19103F-16F7-4668-BE54-9A1E7A4F7556}") = "Donguler", "Donguler\Donguler.csproj", "{FC2C06CB-A5B8-43DE-A0D7-2B3926A14AB2}"
EndProject
Project("{9A19103F-16F7-4668-BE54-9A1E7A4F7556}") = "ClassIntro", "ClassIntro\ClassIntro.csproj", "{B652B120-1381-45D6-AE6A-11B5351EB94E}"
EndProject
Project("{9A19103F-16F7-4668-BE54-9A1E7A4F7556}") = "MetotlarIntro", "MetotlarIntro\MetotlarIntro.csproj", "{1308A483-816A-4365-8CB5-2CB5D170384E}"
EndProject
Project("{9A19103F-16F7-4668-BE54-9A1E7A4F7556}") = "Matematik", "Matematik\Matematik.csproj", "{9CE2765E-0CE7-47FD-9DEA-419F7B494411}"
EndProject
Project("{9A19103F-16F7-4668-BE54-9A1E7A4F7556}") = "DegerVeReferansTipler", "DegerVeReferansTipler\DegerVeReferansTipler.csproj", "{5C2266B1-7E0B-4750-B87F-DE20EF829E72}"
EndProject
Project("{9A19103F-16F7-4668-BE54-9A1E7A4F7556}") = "OOP1", "OOP1\OOP1.csproj", "{2370B749-D7A7-477F-840E-7727619B9411}"
EndProject
Project("{9A19103F-16F7-4668-BE54-9A1E7A4F7556}") = "Koleksiyonlar", "Koleksiyonlar\Koleksiyonlar.csproj", "{471F1FB4-CE0D-4BAB-85EF-20D2EF052C0C}"
EndProject
Project("{9A19103F-16F7-4668-BE54-9A1E7A4F7556}") = "GenericsIntro", "GenericsIntro\GenericsIntro.csproj", "{A2B024AE-813E-42FA-B3EF-3B55ABE909ED}"
EndProject
Project("{FAE04EC0-301F-11D3-BF4B-00C04F79EFBC}") = "OoP2", "OoP2\OoP2.csproj", "{E2161D28-2C94-47BE-8819-DF2844225430}"
EndProject
Project("{FAE04EC0-301F-11D3-BF4B-00C04F79EFBC}") = "Oop3", "Oop3\Oop3.csproj", "{46CC5B47-337B-4557-862C-711709CF003C}"
EndProject
Global
	GlobalSection(SolutionConfigurationPlatforms) = preSolution
		Debug|Any CPU = Debug|Any CPU
		Release|Any CPU = Release|Any CPU
	EndGlobalSection
	GlobalSection(ProjectConfigurationPlatforms) = postSolution
		{17F6864C-DFFB-4E76-A86E-A96AA93729F5}.Debug|Any CPU.ActiveCfg = Debug|Any CPU
		{17F6864C-DFFB-4E76-A86E-A96AA93729F5}.Debug|Any CPU.Build.0 = Debug|Any CPU
		{17F6864C-DFFB-4E76-A86E-A96AA93729F5}.Release|Any CPU.ActiveCfg = Release|Any CPU
		{17F6864C-DFFB-4E76-A86E-A96AA93729F5}.Release|Any CPU.Build.0 = Release|Any CPU
		{FC2C06CB-A5B8-43DE-A0D7-2B3926A14AB2}.Debug|Any CPU.ActiveCfg = Debug|Any CPU
		{FC2C06CB-A5B8-43DE-A0D7-2B3926A14AB2}.Debug|Any CPU.Build.0 = Debug|Any CPU
		{FC2C06CB-A5B8-43DE-A0D7-2B3926A14AB2}.Release|Any CPU.ActiveCfg = Release|Any CPU
		{FC2C06CB-A5B8-43DE-A0D7-2B3926A14AB2}.Release|Any CPU.Build.0 = Release|Any CPU
		{B652B120-1381-45D6-AE6A-11B5351EB94E}.Debug|Any CPU.ActiveCfg = Debug|Any CPU
		{B652B120-1381-45D6-AE6A-11B5351EB94E}.Debug|Any CPU.Build.0 = Debug|Any CPU
		{B652B120-1381-45D6-AE6A-11B5351EB94E}.Release|Any CPU.ActiveCfg = Release|Any CPU
		{B652B120-1381-45D6-AE6A-11B5351EB94E}.Release|Any CPU.Build.0 = Release|Any CPU
		{1308A483-816A-4365-8CB5-2CB5D170384E}.Debug|Any CPU.ActiveCfg = Debug|Any CPU
		{1308A483-816A-4365-8CB5-2CB5D170384E}.Debug|Any CPU.Build.0 = Debug|Any CPU
		{1308A483-816A-4365-8CB5-2CB5D170384E}.Release|Any CPU.ActiveCfg = Release|Any CPU
		{1308A483-816A-4365-8CB5-2CB5D170384E}.Release|Any CPU.Build.0 = Release|Any CPU
		{9CE2765E-0CE7-47FD-9DEA-419F7B494411}.Debug|Any CPU.ActiveCfg = Debug|Any CPU
		{9CE2765E-0CE7-47FD-9DEA-419F7B494411}.Debug|Any CPU.Build.0 = Debug|Any CPU
		{9CE2765E-0CE7-47FD-9DEA-419F7B494411}.Release|Any CPU.ActiveCfg = Release|Any CPU
		{9CE2765E-0CE7-47FD-9DEA-419F7B494411}.Release|Any CPU.Build.0 = Release|Any CPU
		{5C2266B1-7E0B-4750-B87F-DE20EF829E72}.Debug|Any CPU.ActiveCfg = Debug|Any CPU
		{5C2266B1-7E0B-4750-B87F-DE20EF829E72}.Debug|Any CPU.Build.0 = Debug|Any CPU
		{5C2266B1-7E0B-4750-B87F-DE20EF829E72}.Release|Any CPU.ActiveCfg = Release|Any CPU
		{5C2266B1-7E0B-4750-B87F-DE20EF829E72}.Release|Any CPU.Build.0 = Release|Any CPU
		{2370B749-D7A7-477F-840E-7727619B9411}.Debug|Any CPU.ActiveCfg = Debug|Any CPU
		{2370B749-D7A7-477F-840E-7727619B9411}.Debug|Any CPU.Build.0 = Debug|Any CPU
		{2370B749-D7A7-477F-840E-7727619B9411}.Release|Any CPU.ActiveCfg = Release|Any CPU
		{2370B749-D7A7-477F-840E-7727619B9411}.Release|Any CPU.Build.0 = Release|Any CPU
		{471F1FB4-CE0D-4BAB-85EF-20D2EF052C0C}.Debug|Any CPU.ActiveCfg = Debug|Any CPU
		{471F1FB4-CE0D-4BAB-85EF-20D2EF052C0C}.Debug|Any CPU.Build.0 = Debug|Any CPU
		{471F1FB4-CE0D-4BAB-85EF-20D2EF052C0C}.Release|Any CPU.ActiveCfg = Release|Any CPU
		{471F1FB4-CE0D-4BAB-85EF-20D2EF052C0C}.Release|Any CPU.Build.0 = Release|Any CPU
		{A2B024AE-813E-42FA-B3EF-3B55ABE909ED}.Debug|Any CPU.ActiveCfg = Debug|Any CPU
		{A2B024AE-813E-42FA-B3EF-3B55ABE909ED}.Debug|Any CPU.Build.0 = Debug|Any CPU
		{A2B024AE-813E-42FA-B3EF-3B55ABE909ED}.Release|Any CPU.ActiveCfg = Release|Any CPU
		{A2B024AE-813E-42FA-B3EF-3B55ABE909ED}.Release|Any CPU.Build.0 = Release|Any CPU
		{E2161D28-2C94-47BE-8819-DF2844225430}.Debug|Any CPU.ActiveCfg = Debug|Any CPU
		{E2161D28-2C94-47BE-8819-DF2844225430}.Debug|Any CPU.Build.0 = Debug|Any CPU
		{E2161D28-2C94-47BE-8819-DF2844225430}.Release|Any CPU.ActiveCfg = Release|Any CPU
		{E2161D28-2C94-47BE-8819-DF2844225430}.Release|Any CPU.Build.0 = Release|Any CPU
		{46CC5B47-337B-4557-862C-711709CF003C}.Debug|Any CPU.ActiveCfg = Debug|Any CPU
		{46CC5B47-337B-4557-862C-711709CF003C}.Debug|Any CPU.Build.0 = Debug|Any CPU
		{46CC5B47-337B-4557-862C-711709CF003C}.Release|Any CPU.ActiveCfg = Release|Any CPU
		{46CC5B47-337B-4557-862C-711709CF003C}.Release|Any CPU.Build.0 = Release|Any CPU
	EndGlobalSection
	GlobalSection(SolutionProperties) = preSolution
		HideSolutionNode = FALSE
	EndGlobalSection
	GlobalSection(ExtensibilityGlobals) = postSolution
		SolutionGuid = {AA3DEA74-2189-4D2F-83F9-21EE69587BEF}
	EndGlobalSection
EndGlobal
